
Microsoft Visual Studio Solution File, Format Version 12.00
# Visual Studio Version 17
VisualStudioVersion = 17.10.35013.160
MinimumVisualStudioVersion = 10.0.40219.1
Project("{FAE04EC0-301F-11D3-BF4B-00C04F79EFBC}") = "proyecto1", "proyecto1\proyecto1.csproj", "{01B6E216-33BE-4FB8-BB07-556FDD8FEA04}"
EndProject
Global
	GlobalSection(SolutionConfigurationPlatforms) = preSolution
		Debug|Any CPU = Debug|Any CPU
		Release|Any CPU = Release|Any CPU
	EndGlobalSection
	GlobalSection(ProjectConfigurationPlatforms) = postSolution
		{01B6E216-33BE-4FB8-BB07-556FDD8FEA04}.Debug|Any CPU.ActiveCfg = Debug|Any CPU
		{01B6E216-33BE-4FB8-BB07-556FDD8FEA04}.Debug|Any CPU.Build.0 = Debug|Any CPU
		{01B6E216-33BE-4FB8-BB07-556FDD8FEA04}.Release|Any CPU.ActiveCfg = Release|Any CPU
		{01B6E216-33BE-4FB8-BB07-556FDD8FEA04}.Release|Any CPU.Build.0 = Release|Any CPU
	EndGlobalSection
	GlobalSection(SolutionProperties) = preSolution
		HideSolutionNode = FALSE
	EndGlobalSection
	GlobalSection(ExtensibilityGlobals) = postSolution
		SolutionGuid = {BD18D8F9-49E4-49A0-AB11-A3DA0E23FF56}
	EndGlobalSection
EndGlobal
